
Microsoft Visual Studio Solution File, Format Version 12.00
# Visual Studio Version 17
VisualStudioVersion = 17.3.32901.215
MinimumVisualStudioVersion = 10.0.40219.1
Project("{FAE04EC0-301F-11D3-BF4B-00C04F79EFBC}") = "ExchangeCurr", "ExchangeCurr\ExchangeCurr.csproj", "{92587A74-0469-45BD-8D46-BA0AB13ED73E}"
EndProject
Global
	GlobalSection(SolutionConfigurationPlatforms) = preSolution
		Debug|Any CPU = Debug|Any CPU
		Release|Any CPU = Release|Any CPU
	EndGlobalSection
	GlobalSection(ProjectConfigurationPlatforms) = postSolution
		{92587A74-0469-45BD-8D46-BA0AB13ED73E}.Debug|Any CPU.ActiveCfg = Debug|Any CPU
		{92587A74-0469-45BD-8D46-BA0AB13ED73E}.Debug|Any CPU.Build.0 = Debug|Any CPU
		{92587A74-0469-45BD-8D46-BA0AB13ED73E}.Release|Any CPU.ActiveCfg = Release|Any CPU
		{92587A74-0469-45BD-8D46-BA0AB13ED73E}.Release|Any CPU.Build.0 = Release|Any CPU
	EndGlobalSection
	GlobalSection(SolutionProperties) = preSolution
		HideSolutionNode = FALSE
	EndGlobalSection
	GlobalSection(ExtensibilityGlobals) = postSolution
		SolutionGuid = {D9AD12EA-C218-4599-9960-21C403276393}
	EndGlobalSection
EndGlobal
